
Microsoft Visual Studio Solution File, Format Version 12.00
# Visual Studio 2013
VisualStudioVersion = 12.0.40629.0
MinimumVisualStudioVersion = 10.0.40219.1
Project("{FAE04EC0-301F-11D3-BF4B-00C04F79EFBC}") = "Dashboard", "Dashboard\Dashboard.csproj", "{CAD28CA3-1084-4F08-81EA-F0D2865C8581}"
EndProject
Project("{6141683F-8A12-4E36-9623-2EB02B2C2303}") = "Setup", "Setup\Setup.isproj", "{36FCF720-1DC5-48EB-A0D1-01251835BC70}"
EndProject
Project("{FAE04EC0-301F-11D3-BF4B-00C04F79EFBC}") = "AccountManager", "AccountManager\AccountManager.csproj", "{3A6A67F0-C572-4AE1-AAA7-C2B87CE0093B}"
EndProject
Project("{FAE04EC0-301F-11D3-BF4B-00C04F79EFBC}") = "Test", "Test\Test.csproj", "{D9951354-F3C4-4F6C-83D0-DB77ED60B51C}"
EndProject
Project("{6141683F-8A12-4E36-9623-2EB02B2C2303}") = "Setup_AccMgr", "Setup_AccMgr\Setup_AccMgr.isproj", "{9C8D06CB-5C07-4C5F-8816-801B4D48E76A}"
EndProject
Global
	GlobalSection(SolutionConfigurationPlatforms) = preSolution
		CD_ROM|Any CPU = CD_ROM|Any CPU
		Debug|Any CPU = Debug|Any CPU
		DVD-5|Any CPU = DVD-5|Any CPU
		Release|Any CPU = Release|Any CPU
		SingleImage|Any CPU = SingleImage|Any CPU
	EndGlobalSection
	GlobalSection(ProjectConfigurationPlatforms) = postSolution
		{CAD28CA3-1084-4F08-81EA-F0D2865C8581}.CD_ROM|Any CPU.ActiveCfg = Release|Any CPU
		{CAD28CA3-1084-4F08-81EA-F0D2865C8581}.CD_ROM|Any CPU.Build.0 = Release|Any CPU
		{CAD28CA3-1084-4F08-81EA-F0D2865C8581}.Debug|Any CPU.ActiveCfg = Debug|Any CPU
		{CAD28CA3-1084-4F08-81EA-F0D2865C8581}.Debug|Any CPU.Build.0 = Debug|Any CPU
		{CAD28CA3-1084-4F08-81EA-F0D2865C8581}.DVD-5|Any CPU.ActiveCfg = Debug|Any CPU
		{CAD28CA3-1084-4F08-81EA-F0D2865C8581}.DVD-5|Any CPU.Build.0 = Debug|Any CPU
		{CAD28CA3-1084-4F08-81EA-F0D2865C8581}.Release|Any CPU.ActiveCfg = Release|Any CPU
		{CAD28CA3-1084-4F08-81EA-F0D2865C8581}.Release|Any CPU.Build.0 = Release|Any CPU
		{CAD28CA3-1084-4F08-81EA-F0D2865C8581}.SingleImage|Any CPU.ActiveCfg = Release|Any CPU
		{CAD28CA3-1084-4F08-81EA-F0D2865C8581}.SingleImage|Any CPU.Build.0 = Release|Any CPU
		{36FCF720-1DC5-48EB-A0D1-01251835BC70}.CD_ROM|Any CPU.ActiveCfg = CD_ROM
		{36FCF720-1DC5-48EB-A0D1-01251835BC70}.CD_ROM|Any CPU.Build.0 = CD_ROM
		{36FCF720-1DC5-48EB-A0D1-01251835BC70}.Debug|Any CPU.ActiveCfg = SingleImage
		{36FCF720-1DC5-48EB-A0D1-01251835BC70}.Debug|Any CPU.Build.0 = SingleImage
		{36FCF720-1DC5-48EB-A0D1-01251835BC70}.DVD-5|Any CPU.ActiveCfg = DVD-5
		{36FCF720-1DC5-48EB-A0D1-01251835BC70}.DVD-5|Any CPU.Build.0 = DVD-5
		{36FCF720-1DC5-48EB-A0D1-01251835BC70}.Release|Any CPU.ActiveCfg = SingleImage
		{36FCF720-1DC5-48EB-A0D1-01251835BC70}.Release|Any CPU.Build.0 = SingleImage
		{36FCF720-1DC5-48EB-A0D1-01251835BC70}.SingleImage|Any CPU.ActiveCfg = SingleImage
		{36FCF720-1DC5-48EB-A0D1-01251835BC70}.SingleImage|Any CPU.Build.0 = SingleImage
		{3A6A67F0-C572-4AE1-AAA7-C2B87CE0093B}.CD_ROM|Any CPU.ActiveCfg = Release|Any CPU
		{3A6A67F0-C572-4AE1-AAA7-C2B87CE0093B}.CD_ROM|Any CPU.Build.0 = Release|Any CPU
		{3A6A67F0-C572-4AE1-AAA7-C2B87CE0093B}.Debug|Any CPU.ActiveCfg = Debug|Any CPU
		{3A6A67F0-C572-4AE1-AAA7-C2B87CE0093B}.Debug|Any CPU.Build.0 = Debug|Any CPU
		{3A6A67F0-C572-4AE1-AAA7-C2B87CE0093B}.DVD-5|Any CPU.ActiveCfg = Debug|Any CPU
		{3A6A67F0-C572-4AE1-AAA7-C2B87CE0093B}.DVD-5|Any CPU.Build.0 = Debug|Any CPU
		{3A6A67F0-C572-4AE1-AAA7-C2B87CE0093B}.Release|Any CPU.ActiveCfg = Release|Any CPU
		{3A6A67F0-C572-4AE1-AAA7-C2B87CE0093B}.Release|Any CPU.Build.0 = Release|Any CPU
		{3A6A67F0-C572-4AE1-AAA7-C2B87CE0093B}.SingleImage|Any CPU.ActiveCfg = Release|Any CPU
		{3A6A67F0-C572-4AE1-AAA7-C2B87CE0093B}.SingleImage|Any CPU.Build.0 = Release|Any CPU
		{D9951354-F3C4-4F6C-83D0-DB77ED60B51C}.CD_ROM|Any CPU.ActiveCfg = Release|Any CPU
		{D9951354-F3C4-4F6C-83D0-DB77ED60B51C}.CD_ROM|Any CPU.Build.0 = Release|Any CPU
		{D9951354-F3C4-4F6C-83D0-DB77ED60B51C}.Debug|Any CPU.ActiveCfg = Debug|Any CPU
		{D9951354-F3C4-4F6C-83D0-DB77ED60B51C}.Debug|Any CPU.Build.0 = Debug|Any CPU
		{D9951354-F3C4-4F6C-83D0-DB77ED60B51C}.DVD-5|Any CPU.ActiveCfg = Debug|Any CPU
		{D9951354-F3C4-4F6C-83D0-DB77ED60B51C}.DVD-5|Any CPU.Build.0 = Debug|Any CPU
		{D9951354-F3C4-4F6C-83D0-DB77ED60B51C}.Release|Any CPU.ActiveCfg = Release|Any CPU
		{D9951354-F3C4-4F6C-83D0-DB77ED60B51C}.Release|Any CPU.Build.0 = Release|Any CPU
		{D9951354-F3C4-4F6C-83D0-DB77ED60B51C}.SingleImage|Any CPU.ActiveCfg = Release|Any CPU
		{D9951354-F3C4-4F6C-83D0-DB77ED60B51C}.SingleImage|Any CPU.Build.0 = Release|Any CPU
		{9C8D06CB-5C07-4C5F-8816-801B4D48E76A}.CD_ROM|Any CPU.ActiveCfg = CD_ROM
		{9C8D06CB-5C07-4C5F-8816-801B4D48E76A}.CD_ROM|Any CPU.Build.0 = CD_ROM
		{9C8D06CB-5C07-4C5F-8816-801B4D48E76A}.Debug|Any CPU.ActiveCfg = SingleImage
		{9C8D06CB-5C07-4C5F-8816-801B4D48E76A}.Debug|Any CPU.Build.0 = SingleImage
		{9C8D06CB-5C07-4C5F-8816-801B4D48E76A}.DVD-5|Any CPU.ActiveCfg = DVD-5
		{9C8D06CB-5C07-4C5F-8816-801B4D48E76A}.DVD-5|Any CPU.Build.0 = DVD-5
		{9C8D06CB-5C07-4C5F-8816-801B4D48E76A}.Release|Any CPU.ActiveCfg = SingleImage
		{9C8D06CB-5C07-4C5F-8816-801B4D48E76A}.Release|Any CPU.Build.0 = SingleImage
		{9C8D06CB-5C07-4C5F-8816-801B4D48E76A}.SingleImage|Any CPU.ActiveCfg = SingleImage
		{9C8D06CB-5C07-4C5F-8816-801B4D48E76A}.SingleImage|Any CPU.Build.0 = SingleImage
	EndGlobalSection
	GlobalSection(SolutionProperties) = preSolution
		HideSolutionNode = FALSE
	EndGlobalSection
EndGlobal
